
Microsoft Visual Studio Solution File, Format Version 12.00
# Visual Studio Version 17
VisualStudioVersion = 17.6.33801.468
MinimumVisualStudioVersion = 10.0.40219.1
Project("{FAE04EC0-301F-11D3-BF4B-00C04F79EFBC}") = "ProjectScheduler", "ProjectScheduler\ProjectScheduler.csproj", "{9508CC50-397D-460E-9D8E-06A891346110}"
EndProject
Project("{FAE04EC0-301F-11D3-BF4B-00C04F79EFBC}") = "Domain", "Domain\Domain.csproj", "{F67871B7-4024-4FCC-B36B-6C88476600B2}"
EndProject
Project("{FAE04EC0-301F-11D3-BF4B-00C04F79EFBC}") = "Infrastructure", "Infrastructure\Infrastructure.csproj", "{87239697-FBCA-40C5-975F-F3D97435DECC}"
EndProject
Global
	GlobalSection(SolutionConfigurationPlatforms) = preSolution
		Debug|Any CPU = Debug|Any CPU
		Release|Any CPU = Release|Any CPU
	EndGlobalSection
	GlobalSection(ProjectConfigurationPlatforms) = postSolution
		{9508CC50-397D-460E-9D8E-06A891346110}.Debug|Any CPU.ActiveCfg = Debug|Any CPU
		{9508CC50-397D-460E-9D8E-06A891346110}.Debug|Any CPU.Build.0 = Debug|Any CPU
		{9508CC50-397D-460E-9D8E-06A891346110}.Release|Any CPU.ActiveCfg = Release|Any CPU
		{9508CC50-397D-460E-9D8E-06A891346110}.Release|Any CPU.Build.0 = Release|Any CPU
		{F67871B7-4024-4FCC-B36B-6C88476600B2}.Debug|Any CPU.ActiveCfg = Debug|Any CPU
		{F67871B7-4024-4FCC-B36B-6C88476600B2}.Debug|Any CPU.Build.0 = Debug|Any CPU
		{F67871B7-4024-4FCC-B36B-6C88476600B2}.Release|Any CPU.ActiveCfg = Release|Any CPU
		{F67871B7-4024-4FCC-B36B-6C88476600B2}.Release|Any CPU.Build.0 = Release|Any CPU
		{87239697-FBCA-40C5-975F-F3D97435DECC}.Debug|Any CPU.ActiveCfg = Debug|Any CPU
		{87239697-FBCA-40C5-975F-F3D97435DECC}.Debug|Any CPU.Build.0 = Debug|Any CPU
		{87239697-FBCA-40C5-975F-F3D97435DECC}.Release|Any CPU.ActiveCfg = Release|Any CPU
		{87239697-FBCA-40C5-975F-F3D97435DECC}.Release|Any CPU.Build.0 = Release|Any CPU
	EndGlobalSection
	GlobalSection(SolutionProperties) = preSolution
		HideSolutionNode = FALSE
	EndGlobalSection
	GlobalSection(ExtensibilityGlobals) = postSolution
		SolutionGuid = {FA8E4E28-60B9-47CC-B757-2B151A8EBC2B}
	EndGlobalSection
EndGlobal
