
Microsoft Visual Studio Solution File, Format Version 12.00
Project("{FAE04EC0-301F-11D3-BF4B-00C04F79EFBC}") = "Task_scheduler", "Task_scheduler\Task_scheduler.csproj", "{F82A91FF-A8E8-441C-B63B-9012F59A959B}"
EndProject
Global
	GlobalSection(SolutionConfigurationPlatforms) = preSolution
		Debug|Any CPU = Debug|Any CPU
		Release|Any CPU = Release|Any CPU
	EndGlobalSection
	GlobalSection(ProjectConfigurationPlatforms) = postSolution
		{F82A91FF-A8E8-441C-B63B-9012F59A959B}.Debug|Any CPU.ActiveCfg = Debug|Any CPU
		{F82A91FF-A8E8-441C-B63B-9012F59A959B}.Debug|Any CPU.Build.0 = Debug|Any CPU
		{F82A91FF-A8E8-441C-B63B-9012F59A959B}.Release|Any CPU.ActiveCfg = Release|Any CPU
		{F82A91FF-A8E8-441C-B63B-9012F59A959B}.Release|Any CPU.Build.0 = Release|Any CPU
	EndGlobalSection
EndGlobal
